
Microsoft Visual Studio Solution File, Format Version 12.00
# Visual Studio Version 17
VisualStudioVersion = 17.4.33213.308
MinimumVisualStudioVersion = 10.0.40219.1
Project("{FAE04EC0-301F-11D3-BF4B-00C04F79EFBC}") = "ATM", "ATM.csproj", "{AE9D65AE-6F68-4C8E-BC57-D65678B0FAEB}"
EndProject
Global
	GlobalSection(SolutionConfigurationPlatforms) = preSolution
		Debug|Any CPU = Debug|Any CPU
		Release|Any CPU = Release|Any CPU
	EndGlobalSection
	GlobalSection(ProjectConfigurationPlatforms) = postSolution
		{AE9D65AE-6F68-4C8E-BC57-D65678B0FAEB}.Debug|Any CPU.ActiveCfg = Debug|Any CPU
		{AE9D65AE-6F68-4C8E-BC57-D65678B0FAEB}.Debug|Any CPU.Build.0 = Debug|Any CPU
		{AE9D65AE-6F68-4C8E-BC57-D65678B0FAEB}.Release|Any CPU.ActiveCfg = Release|Any CPU
		{AE9D65AE-6F68-4C8E-BC57-D65678B0FAEB}.Release|Any CPU.Build.0 = Release|Any CPU
	EndGlobalSection
	GlobalSection(SolutionProperties) = preSolution
		HideSolutionNode = FALSE
	EndGlobalSection
	GlobalSection(ExtensibilityGlobals) = postSolution
		SolutionGuid = {8E5577C6-09E5-464F-AABE-C10306D2A338}
	EndGlobalSection
EndGlobal
